
Microsoft Visual Studio Solution File, Format Version 12.00
# Visual Studio Version 16
VisualStudioVersion = 16.0.30104.148
MinimumVisualStudioVersion = 10.0.40219.1
Project("{FAE04EC0-301F-11D3-BF4B-00C04F79EFBC}") = "BasketBallCardTrackerWeb", "BasketBallCardTrackerWeb\BasketBallCardTrackerWeb.csproj", "{BD81DAC0-1522-47D4-AD2B-30B4C30F069F}"
EndProject
Global
	GlobalSection(SolutionConfigurationPlatforms) = preSolution
		Debug|Any CPU = Debug|Any CPU
		Release|Any CPU = Release|Any CPU
	EndGlobalSection
	GlobalSection(ProjectConfigurationPlatforms) = postSolution
		{BD81DAC0-1522-47D4-AD2B-30B4C30F069F}.Debug|Any CPU.ActiveCfg = Debug|Any CPU
		{BD81DAC0-1522-47D4-AD2B-30B4C30F069F}.Debug|Any CPU.Build.0 = Debug|Any CPU
		{BD81DAC0-1522-47D4-AD2B-30B4C30F069F}.Release|Any CPU.ActiveCfg = Release|Any CPU
		{BD81DAC0-1522-47D4-AD2B-30B4C30F069F}.Release|Any CPU.Build.0 = Release|Any CPU
	EndGlobalSection
	GlobalSection(SolutionProperties) = preSolution
		HideSolutionNode = FALSE
	EndGlobalSection
	GlobalSection(ExtensibilityGlobals) = postSolution
		SolutionGuid = {7EA71DFF-3CBC-49DF-A5D5-2D446F02BE92}
	EndGlobalSection
EndGlobal
